import:
- package: github.com/davecgh/go-spew/spew
  version: 782f4967f2dc4564575ca782fe2d04090b5faca8
- package: github.com/dgrijalva/jwt-go
  version: master
- package: github.com/evanphx/json-patch
  version: 5858425f75500d40c52783dce87d085a483ce135
- package: github.com/gogo/protobuf/proto
  version: 342cbe0a04158f6dcb03ca0079991a51a4248c02
- package: github.com/gogo/protobuf/sortkeys
  version: 342cbe0a04158f6dcb03ca0079991a51a4248c02
- package: github.com/golang/glog
  version: 23def4e6c14b4da8ac2ed8007337bc5eb5007998
- package: github.com/golang/protobuf/proto
  version: b4deda0973fb4c70b50d226b1af49f3da59f5265
- package: github.com/golang/protobuf/ptypes
  version: b4deda0973fb4c70b50d226b1af49f3da59f5265
- package: github.com/golang/protobuf/ptypes/any
  version: b4deda0973fb4c70b50d226b1af49f3da59f5265
- package: github.com/golang/protobuf/ptypes/duration
  version: b4deda0973fb4c70b50d226b1af49f3da59f5265
- package: github.com/golang/protobuf/ptypes/timestamp
  version: b4deda0973fb4c70b50d226b1af49f3da59f5265
- package: github.com/google/gofuzz
  version: 24818f796faf91cd76ec7bddd72458fbced7a6c1
- package: github.com/googleapis/gnostic/OpenAPIv2
  version: 0c5108395e2debce0d731cf0287ddf7242066aba
- package: github.com/googleapis/gnostic/compiler
  version: 0c5108395e2debce0d731cf0287ddf7242066aba
- package: github.com/googleapis/gnostic/extensions
  version: 0c5108395e2debce0d731cf0287ddf7242066aba
- package: github.com/gorilla/handlers
  version: v1.4.0
- package: github.com/gorilla/mux
  version: v1.7.1
- package: github.com/gorilla/websocket
  version: v1.4.0
- package: github.com/hashicorp/golang-lru
  version: 20f1fb78b0740ba8c3cb143a61e86ba5c8669768
- package: github.com/hashicorp/golang-lru/simplelru
  version: 20f1fb78b0740ba8c3cb143a61e86ba5c8669768
- package: github.com/imdario/mergo
  version: 9316a62528ac99aaecb4e47eadd6dc8aa6533d58
- package: github.com/json-iterator/go
  version: ab8a2e0c74be9d3be70b3184d9acc634935ded82
- package: github.com/modern-go/concurrent
  version: bacd9c7ef1dd9b15be4a9909b8ac7a4e313eec94
- package: github.com/modern-go/reflect2
  version: 94122c33edd36123c84d5368cfb2b69df93a0ec8
- package: github.com/pkg/errors
  version: v0.8.1
- package: github.com/rancher/terraform-controller
  version: d84a071f63c5149f3eb3d1dbb55f5c2afe4a5a01
- package: github.com/rancher/wrangler/pkg/condition
  version: v0.1.0
- package: github.com/rancher/wrangler/pkg/genericcondition
  version: v0.1.0
- package: github.com/spf13/pflag
  version: 583c0c0531f06d5278b7d917446061adc344b5cd
- package: golang.org/x/crypto/bcrypt
  version: master
- package: golang.org/x/crypto/blowfish
  version: master
- package: golang.org/x/crypto/curve25519
  version: master
- package: golang.org/x/crypto/ed25519
  version: master
- package: golang.org/x/crypto/internal/chacha20
  version: master
- package: golang.org/x/crypto/internal/subtle
  version: master
- package: golang.org/x/crypto/poly1305
  version: master
- package: golang.org/x/crypto/ssh
  version: master
- package: golang.org/x/crypto/ssh/terminal
  version: de0752318171da717af4ce24d0a2e8626afaeb11
- package: golang.org/x/net/context
  version: 65e2d4e15006aab9813ff8769e768bbf4bb667a0
- package: golang.org/x/net/http/httpguts
  version: 65e2d4e15006aab9813ff8769e768bbf4bb667a0
- package: golang.org/x/net/http2
  version: 65e2d4e15006aab9813ff8769e768bbf4bb667a0
- package: golang.org/x/net/http2/hpack
  version: 65e2d4e15006aab9813ff8769e768bbf4bb667a0
- package: golang.org/x/net/idna
  version: 65e2d4e15006aab9813ff8769e768bbf4bb667a0
- package: golang.org/x/oauth2
  version: a6bd8cefa1811bd24b86f8902872e4e8225f74c4
- package: golang.org/x/oauth2/internal
  version: a6bd8cefa1811bd24b86f8902872e4e8225f74c4
- package: golang.org/x/sys/unix
  version: 95c6576299259db960f6c5b9b69ea52422860fce
- package: golang.org/x/sys/windows
  version: 95c6576299259db960f6c5b9b69ea52422860fce
- package: golang.org/x/text/secure/bidirule
  version: b19bf474d317b857955b12035d2c5acb57ce8b01
- package: golang.org/x/text/transform
  version: b19bf474d317b857955b12035d2c5acb57ce8b01
- package: golang.org/x/text/unicode/bidi
  version: b19bf474d317b857955b12035d2c5acb57ce8b01
- package: golang.org/x/text/unicode/norm
  version: b19bf474d317b857955b12035d2c5acb57ce8b01
- package: golang.org/x/time/rate
  version: f51c12702a4d776e4c1fa9b0fabab841babae631
- package: gopkg.in/inf.v0
  version: 3887ee99ecf07df5b447e9b00d9c0b2adaa9f3e4
- package: gopkg.in/yaml.v2
  version: 5420a8b6744d3b0345ab293f6fcba19c978f1183
- package: k8s.io/api/admissionregistration/v1beta1
  version: 6e4e0e4f393bf5e8bbff570acd13217aa5a770cd
- package: k8s.io/api/apps/v1
  version: 6e4e0e4f393bf5e8bbff570acd13217aa5a770cd
- package: k8s.io/api/apps/v1beta1
  version: 6e4e0e4f393bf5e8bbff570acd13217aa5a770cd
- package: k8s.io/api/apps/v1beta2
  version: 6e4e0e4f393bf5e8bbff570acd13217aa5a770cd
- package: k8s.io/api/auditregistration/v1alpha1
  version: 6e4e0e4f393bf5e8bbff570acd13217aa5a770cd
- package: k8s.io/api/authentication/v1
  version: 6e4e0e4f393bf5e8bbff570acd13217aa5a770cd
- package: k8s.io/api/authentication/v1beta1
  version: 6e4e0e4f393bf5e8bbff570acd13217aa5a770cd
- package: k8s.io/api/authorization/v1
  version: 6e4e0e4f393bf5e8bbff570acd13217aa5a770cd
- package: k8s.io/api/authorization/v1beta1
  version: 6e4e0e4f393bf5e8bbff570acd13217aa5a770cd
- package: k8s.io/api/autoscaling/v1
  version: 6e4e0e4f393bf5e8bbff570acd13217aa5a770cd
- package: k8s.io/api/autoscaling/v2beta1
  version: 6e4e0e4f393bf5e8bbff570acd13217aa5a770cd
- package: k8s.io/api/autoscaling/v2beta2
  version: 6e4e0e4f393bf5e8bbff570acd13217aa5a770cd
- package: k8s.io/api/batch/v1
  version: 6e4e0e4f393bf5e8bbff570acd13217aa5a770cd
- package: k8s.io/api/batch/v1beta1
  version: 6e4e0e4f393bf5e8bbff570acd13217aa5a770cd
- package: k8s.io/api/batch/v2alpha1
  version: 6e4e0e4f393bf5e8bbff570acd13217aa5a770cd
- package: k8s.io/api/certificates/v1beta1
  version: 6e4e0e4f393bf5e8bbff570acd13217aa5a770cd
- package: k8s.io/api/coordination/v1
  version: 6e4e0e4f393bf5e8bbff570acd13217aa5a770cd
- package: k8s.io/api/coordination/v1beta1
  version: 6e4e0e4f393bf5e8bbff570acd13217aa5a770cd
- package: k8s.io/api/core/v1
  version: 6e4e0e4f393bf5e8bbff570acd13217aa5a770cd
- package: k8s.io/api/events/v1beta1
  version: 6e4e0e4f393bf5e8bbff570acd13217aa5a770cd
- package: k8s.io/api/extensions/v1beta1
  version: 6e4e0e4f393bf5e8bbff570acd13217aa5a770cd
- package: k8s.io/api/networking/v1
  version: 6e4e0e4f393bf5e8bbff570acd13217aa5a770cd
- package: k8s.io/api/networking/v1beta1
  version: 6e4e0e4f393bf5e8bbff570acd13217aa5a770cd
- package: k8s.io/api/node/v1alpha1
  version: 6e4e0e4f393bf5e8bbff570acd13217aa5a770cd
- package: k8s.io/api/node/v1beta1
  version: 6e4e0e4f393bf5e8bbff570acd13217aa5a770cd
- package: k8s.io/api/policy/v1beta1
  version: 6e4e0e4f393bf5e8bbff570acd13217aa5a770cd
- package: k8s.io/api/rbac/v1
  version: 6e4e0e4f393bf5e8bbff570acd13217aa5a770cd
- package: k8s.io/api/rbac/v1alpha1
  version: 6e4e0e4f393bf5e8bbff570acd13217aa5a770cd
- package: k8s.io/api/rbac/v1beta1
  version: 6e4e0e4f393bf5e8bbff570acd13217aa5a770cd
- package: k8s.io/api/scheduling/v1
  version: 6e4e0e4f393bf5e8bbff570acd13217aa5a770cd
- package: k8s.io/api/scheduling/v1alpha1
  version: 6e4e0e4f393bf5e8bbff570acd13217aa5a770cd
- package: k8s.io/api/scheduling/v1beta1
  version: 6e4e0e4f393bf5e8bbff570acd13217aa5a770cd
- package: k8s.io/api/settings/v1alpha1
  version: 6e4e0e4f393bf5e8bbff570acd13217aa5a770cd
- package: k8s.io/api/storage/v1
  version: 6e4e0e4f393bf5e8bbff570acd13217aa5a770cd
- package: k8s.io/api/storage/v1alpha1
  version: 6e4e0e4f393bf5e8bbff570acd13217aa5a770cd
- package: k8s.io/api/storage/v1beta1
  version: 6e4e0e4f393bf5e8bbff570acd13217aa5a770cd
- package: k8s.io/apimachinery
  version: kubernetes-1.14.1
- package: k8s.io/apimachinery/pkg/api/errors
  version: 6a84e37a896db9780c75367af8d2ed2bb944022e
- package: k8s.io/apimachinery/pkg/api/meta
  version: 6a84e37a896db9780c75367af8d2ed2bb944022e
- package: k8s.io/apimachinery/pkg/api/resource
  version: 6a84e37a896db9780c75367af8d2ed2bb944022e
- package: k8s.io/apimachinery/pkg/apis/meta/internalversion
  version: 6a84e37a896db9780c75367af8d2ed2bb944022e
- package: k8s.io/apimachinery/pkg/apis/meta/v1
  version: 6a84e37a896db9780c75367af8d2ed2bb944022e
- package: k8s.io/apimachinery/pkg/apis/meta/v1/unstructured
  version: 6a84e37a896db9780c75367af8d2ed2bb944022e
- package: k8s.io/apimachinery/pkg/apis/meta/v1beta1
  version: 6a84e37a896db9780c75367af8d2ed2bb944022e
- package: k8s.io/apimachinery/pkg/conversion
  version: 6a84e37a896db9780c75367af8d2ed2bb944022e
- package: k8s.io/apimachinery/pkg/conversion/queryparams
  version: 6a84e37a896db9780c75367af8d2ed2bb944022e
- package: k8s.io/apimachinery/pkg/fields
  version: 6a84e37a896db9780c75367af8d2ed2bb944022e
- package: k8s.io/apimachinery/pkg/labels
  version: 6a84e37a896db9780c75367af8d2ed2bb944022e
- package: k8s.io/apimachinery/pkg/runtime
  version: 6a84e37a896db9780c75367af8d2ed2bb944022e
- package: k8s.io/apimachinery/pkg/runtime/schema
  version: 6a84e37a896db9780c75367af8d2ed2bb944022e
- package: k8s.io/apimachinery/pkg/runtime/serializer
  version: 6a84e37a896db9780c75367af8d2ed2bb944022e
- package: k8s.io/apimachinery/pkg/runtime/serializer/json
  version: 6a84e37a896db9780c75367af8d2ed2bb944022e
- package: k8s.io/apimachinery/pkg/runtime/serializer/protobuf
  version: 6a84e37a896db9780c75367af8d2ed2bb944022e
- package: k8s.io/apimachinery/pkg/runtime/serializer/recognizer
  version: 6a84e37a896db9780c75367af8d2ed2bb944022e
- package: k8s.io/apimachinery/pkg/runtime/serializer/streaming
  version: 6a84e37a896db9780c75367af8d2ed2bb944022e
- package: k8s.io/apimachinery/pkg/runtime/serializer/versioning
  version: 6a84e37a896db9780c75367af8d2ed2bb944022e
- package: k8s.io/apimachinery/pkg/selection
  version: 6a84e37a896db9780c75367af8d2ed2bb944022e
- package: k8s.io/apimachinery/pkg/types
  version: 6a84e37a896db9780c75367af8d2ed2bb944022e
- package: k8s.io/apimachinery/pkg/util/cache
  version: 6a84e37a896db9780c75367af8d2ed2bb944022e
- package: k8s.io/apimachinery/pkg/util/clock
  version: 6a84e37a896db9780c75367af8d2ed2bb944022e
- package: k8s.io/apimachinery/pkg/util/diff
  version: 6a84e37a896db9780c75367af8d2ed2bb944022e
- package: k8s.io/apimachinery/pkg/util/errors
  version: 6a84e37a896db9780c75367af8d2ed2bb944022e
- package: k8s.io/apimachinery/pkg/util/framer
  version: 6a84e37a896db9780c75367af8d2ed2bb944022e
- package: k8s.io/apimachinery/pkg/util/intstr
  version: 6a84e37a896db9780c75367af8d2ed2bb944022e
- package: k8s.io/apimachinery/pkg/util/json
  version: 6a84e37a896db9780c75367af8d2ed2bb944022e
- package: k8s.io/apimachinery/pkg/util/mergepatch
  version: 6a84e37a896db9780c75367af8d2ed2bb944022e
- package: k8s.io/apimachinery/pkg/util/naming
  version: 6a84e37a896db9780c75367af8d2ed2bb944022e
- package: k8s.io/apimachinery/pkg/util/net
  version: 6a84e37a896db9780c75367af8d2ed2bb944022e
- package: k8s.io/apimachinery/pkg/util/runtime
  version: 6a84e37a896db9780c75367af8d2ed2bb944022e
- package: k8s.io/apimachinery/pkg/util/sets
  version: 6a84e37a896db9780c75367af8d2ed2bb944022e
- package: k8s.io/apimachinery/pkg/util/strategicpatch
  version: 6a84e37a896db9780c75367af8d2ed2bb944022e
- package: k8s.io/apimachinery/pkg/util/validation
  version: 6a84e37a896db9780c75367af8d2ed2bb944022e
- package: k8s.io/apimachinery/pkg/util/validation/field
  version: 6a84e37a896db9780c75367af8d2ed2bb944022e
- package: k8s.io/apimachinery/pkg/util/wait
  version: 6a84e37a896db9780c75367af8d2ed2bb944022e
- package: k8s.io/apimachinery/pkg/util/yaml
  version: 6a84e37a896db9780c75367af8d2ed2bb944022e
- package: k8s.io/apimachinery/pkg/version
  version: 6a84e37a896db9780c75367af8d2ed2bb944022e
- package: k8s.io/apimachinery/pkg/watch
  version: 6a84e37a896db9780c75367af8d2ed2bb944022e
- package: k8s.io/apimachinery/third_party/forked/golang/json
  version: 6a84e37a896db9780c75367af8d2ed2bb944022e
- package: k8s.io/apimachinery/third_party/forked/golang/reflect
  version: 6a84e37a896db9780c75367af8d2ed2bb944022e
- package: k8s.io/client-go
  version: kubernetes-1.14.1
- package: k8s.io/klog
  version: 8e90cee79f823779174776412c13478955131846
- package: k8s.io/kube-openapi/pkg/util/proto
  version: b3a7cee44a305be0a69e1b9ac03018307287e1b0
- package: k8s.io/utils/buffer
  version: c2654d5206da6b7b6ace12841e8f359bb89b443c
- package: k8s.io/utils/integer
  version: c2654d5206da6b7b6ace12841e8f359bb89b443c
- package: k8s.io/utils/trace
  version: c2654d5206da6b7b6ace12841e8f359bb89b443c
- package: sigs.k8s.io/yaml
  version: fd68e9863619f6ec2fdd8625fe1f02e7c877e480
